
Microsoft Visual Studio Solution File, Format Version 12.00
# Visual Studio Version 16
VisualStudioVersion = 16.0.31205.134
MinimumVisualStudioVersion = 10.0.40219.1
Project("{8BC9CEB8-8B4A-11D0-8D11-00A0C91BC942}") = "PilhaPonteiro", "PilhaPonteiro.vcxproj", "{05419E8A-F760-4042-8C65-CFEA8E751550}"
EndProject
Global
	GlobalSection(SolutionConfigurationPlatforms) = preSolution
		Debug|x64 = Debug|x64
		Debug|x86 = Debug|x86
		Release|x64 = Release|x64
		Release|x86 = Release|x86
	EndGlobalSection
	GlobalSection(ProjectConfigurationPlatforms) = postSolution
		{05419E8A-F760-4042-8C65-CFEA8E751550}.Debug|x64.ActiveCfg = Debug|x64
		{05419E8A-F760-4042-8C65-CFEA8E751550}.Debug|x64.Build.0 = Debug|x64
		{05419E8A-F760-4042-8C65-CFEA8E751550}.Debug|x86.ActiveCfg = Debug|Win32
		{05419E8A-F760-4042-8C65-CFEA8E751550}.Debug|x86.Build.0 = Debug|Win32
		{05419E8A-F760-4042-8C65-CFEA8E751550}.Release|x64.ActiveCfg = Release|x64
		{05419E8A-F760-4042-8C65-CFEA8E751550}.Release|x64.Build.0 = Release|x64
		{05419E8A-F760-4042-8C65-CFEA8E751550}.Release|x86.ActiveCfg = Release|Win32
		{05419E8A-F760-4042-8C65-CFEA8E751550}.Release|x86.Build.0 = Release|Win32
	EndGlobalSection
	GlobalSection(SolutionProperties) = preSolution
		HideSolutionNode = FALSE
	EndGlobalSection
	GlobalSection(ExtensibilityGlobals) = postSolution
		SolutionGuid = {E11BC5BD-F52F-45A1-8ACB-4B5702606A59}
	EndGlobalSection
EndGlobal
